
Microsoft Visual Studio Solution File, Format Version 12.00
# Visual Studio Version 17
VisualStudioVersion = 17.7.34018.315
MinimumVisualStudioVersion = 10.0.40219.1
Project("{8BC9CEB8-8B4A-11D0-8D11-00A0C91BC942}") = "CS131-zybooks-Program1-CarpetSales", "CS131-zybooks-Program1-CarpetSales\CS131-zybooks-Program1-CarpetSales.vcxproj", "{D67E83C2-311F-4244-9250-4E2A9707246E}"
EndProject
Global
	GlobalSection(SolutionConfigurationPlatforms) = preSolution
		Debug|x64 = Debug|x64
		Debug|x86 = Debug|x86
		Release|x64 = Release|x64
		Release|x86 = Release|x86
	EndGlobalSection
	GlobalSection(ProjectConfigurationPlatforms) = postSolution
		{D67E83C2-311F-4244-9250-4E2A9707246E}.Debug|x64.ActiveCfg = Debug|x64
		{D67E83C2-311F-4244-9250-4E2A9707246E}.Debug|x64.Build.0 = Debug|x64
		{D67E83C2-311F-4244-9250-4E2A9707246E}.Debug|x86.ActiveCfg = Debug|Win32
		{D67E83C2-311F-4244-9250-4E2A9707246E}.Debug|x86.Build.0 = Debug|Win32
		{D67E83C2-311F-4244-9250-4E2A9707246E}.Release|x64.ActiveCfg = Release|x64
		{D67E83C2-311F-4244-9250-4E2A9707246E}.Release|x64.Build.0 = Release|x64
		{D67E83C2-311F-4244-9250-4E2A9707246E}.Release|x86.ActiveCfg = Release|Win32
		{D67E83C2-311F-4244-9250-4E2A9707246E}.Release|x86.Build.0 = Release|Win32
	EndGlobalSection
	GlobalSection(SolutionProperties) = preSolution
		HideSolutionNode = FALSE
	EndGlobalSection
	GlobalSection(ExtensibilityGlobals) = postSolution
		SolutionGuid = {A7756BC7-A739-4A9C-8E59-1445DC9CE931}
	EndGlobalSection
EndGlobal
